
Microsoft Visual Studio Solution File, Format Version 12.00
# Visual Studio Version 17
VisualStudioVersion = 17.12.35506.116
MinimumVisualStudioVersion = 10.0.40219.1
Project("{8BC9CEB8-8B4A-11D0-8D11-00A0C91BC942}") = "Day10", "Day10\Day10.vcxproj", "{61AE9D31-62C2-476E-8F07-EDCC6B2B393C}"
EndProject
Project("{8BC9CEB8-8B4A-11D0-8D11-00A0C91BC942}") = "Day11", "Day11\Day11.vcxproj", "{AFBD8662-7B5A-4115-B9E3-1EA19C718D93}"
EndProject
Project("{8BC9CEB8-8B4A-11D0-8D11-00A0C91BC942}") = "Day12", "Day12\Day12.vcxproj", "{B62DF98D-D3CF-4247-964A-5548E07CAC58}"
EndProject
Project("{8BC9CEB8-8B4A-11D0-8D11-00A0C91BC942}") = "Day13", "Day13\Day13.vcxproj", "{274A4D49-3BDF-4A21-BCC3-4388413FDDFD}"
EndProject
Project("{8BC9CEB8-8B4A-11D0-8D11-00A0C91BC942}") = "Day14", "Day14\Day14.vcxproj", "{F52681CC-C1A3-41B5-8189-217A6781CF77}"
EndProject
Project("{8BC9CEB8-8B4A-11D0-8D11-00A0C91BC942}") = "Day15", "Day15\Day15.vcxproj", "{AF923986-2CCF-42ED-A833-634ECCE50351}"
EndProject
Project("{8BC9CEB8-8B4A-11D0-8D11-00A0C91BC942}") = "Day16", "Day16\Day16.vcxproj", "{99452A57-2F24-42EA-9F4A-5245BE235092}"
EndProject
Project("{8BC9CEB8-8B4A-11D0-8D11-00A0C91BC942}") = "Day17", "Day17\Day17.vcxproj", "{EEE64E8C-F80C-4067-A26C-BC3CD30B03AD}"
EndProject
Project("{8BC9CEB8-8B4A-11D0-8D11-00A0C91BC942}") = "Day18", "Day18\Day18.vcxproj", "{577DA6F1-6244-434D-856B-3520B8B2843B}"
EndProject
Project("{8BC9CEB8-8B4A-11D0-8D11-00A0C91BC942}") = "Day19", "Day19\Day19.vcxproj", "{0B55ED91-9BAA-4AC1-9F31-52D52ACF0656}"
EndProject
Project("{8BC9CEB8-8B4A-11D0-8D11-00A0C91BC942}") = "Day20", "Day20\Day20.vcxproj", "{EE90AE5A-CA62-486D-9F68-F2B4CC394E3F}"
EndProject
Project("{8BC9CEB8-8B4A-11D0-8D11-00A0C91BC942}") = "Day21", "Day21\Day21.vcxproj", "{1E596583-5656-48B2-830B-1F80E1219CEC}"
EndProject
Project("{8BC9CEB8-8B4A-11D0-8D11-00A0C91BC942}") = "Day22", "Day22\Day22.vcxproj", "{722E476A-2AE8-473C-9040-1AD998A9AA57}"
EndProject
Project("{8BC9CEB8-8B4A-11D0-8D11-00A0C91BC942}") = "Day01", "Day01\Day01.vcxproj", "{49122DA3-3DE3-4A47-8872-1D4C2D5A493C}"
EndProject
Project("{8BC9CEB8-8B4A-11D0-8D11-00A0C91BC942}") = "Day02", "Day02\Day02.vcxproj", "{9C347D55-9CA6-4978-96A5-3FAD8470D40A}"
EndProject
Project("{8BC9CEB8-8B4A-11D0-8D11-00A0C91BC942}") = "Day03", "Day03\Day03.vcxproj", "{F809192E-B14B-4020-9F27-1B1B7852C046}"
EndProject
Project("{8BC9CEB8-8B4A-11D0-8D11-00A0C91BC942}") = "Day04", "Day04\Day04.vcxproj", "{CA99693C-0898-4AC6-B2BD-AAB7E4355C17}"
EndProject
Project("{8BC9CEB8-8B4A-11D0-8D11-00A0C91BC942}") = "Day05", "Day05\Day05.vcxproj", "{BED3ADE3-F6F7-4824-9A35-DC0FE6CB4FB9}"
EndProject
Project("{8BC9CEB8-8B4A-11D0-8D11-00A0C91BC942}") = "Day06", "Day06\Day06.vcxproj", "{5B620B91-8C48-41C2-8DE3-0FDFF98B4912}"
EndProject
Project("{8BC9CEB8-8B4A-11D0-8D11-00A0C91BC942}") = "Day07", "Day07\Day07.vcxproj", "{61998338-FD3C-42AB-AC83-54A7869CEA5B}"
EndProject
Project("{8BC9CEB8-8B4A-11D0-8D11-00A0C91BC942}") = "Day08", "Day08\Day08.vcxproj", "{4601F157-6559-4ECB-BD20-E9D4AB47820B}"
EndProject
Project("{8BC9CEB8-8B4A-11D0-8D11-00A0C91BC942}") = "Day09", "Day09\Day09.vcxproj", "{B8846AAF-4780-429D-96F5-B938869581E2}"
EndProject
Global
	GlobalSection(SolutionConfigurationPlatforms) = preSolution
		Debug|x64 = Debug|x64
		Debug|x86 = Debug|x86
		Release|x64 = Release|x64
		Release|x86 = Release|x86
	EndGlobalSection
	GlobalSection(ProjectConfigurationPlatforms) = postSolution
		{61AE9D31-62C2-476E-8F07-EDCC6B2B393C}.Debug|x64.ActiveCfg = Debug|x64
		{61AE9D31-62C2-476E-8F07-EDCC6B2B393C}.Debug|x64.Build.0 = Debug|x64
		{61AE9D31-62C2-476E-8F07-EDCC6B2B393C}.Debug|x86.ActiveCfg = Debug|Win32
		{61AE9D31-62C2-476E-8F07-EDCC6B2B393C}.Debug|x86.Build.0 = Debug|Win32
		{61AE9D31-62C2-476E-8F07-EDCC6B2B393C}.Release|x64.ActiveCfg = Release|x64
		{61AE9D31-62C2-476E-8F07-EDCC6B2B393C}.Release|x64.Build.0 = Release|x64
		{61AE9D31-62C2-476E-8F07-EDCC6B2B393C}.Release|x86.ActiveCfg = Release|Win32
		{61AE9D31-62C2-476E-8F07-EDCC6B2B393C}.Release|x86.Build.0 = Release|Win32
		{AFBD8662-7B5A-4115-B9E3-1EA19C718D93}.Debug|x64.ActiveCfg = Debug|x64
		{AFBD8662-7B5A-4115-B9E3-1EA19C718D93}.Debug|x64.Build.0 = Debug|x64
		{AFBD8662-7B5A-4115-B9E3-1EA19C718D93}.Debug|x86.ActiveCfg = Debug|Win32
		{AFBD8662-7B5A-4115-B9E3-1EA19C718D93}.Debug|x86.Build.0 = Debug|Win32
		{AFBD8662-7B5A-4115-B9E3-1EA19C718D93}.Release|x64.ActiveCfg = Release|x64
		{AFBD8662-7B5A-4115-B9E3-1EA19C718D93}.Release|x64.Build.0 = Release|x64
		{AFBD8662-7B5A-4115-B9E3-1EA19C718D93}.Release|x86.ActiveCfg = Release|Win32
		{AFBD8662-7B5A-4115-B9E3-1EA19C718D93}.Release|x86.Build.0 = Release|Win32
		{B62DF98D-D3CF-4247-964A-5548E07CAC58}.Debug|x64.ActiveCfg = Debug|x64
		{B62DF98D-D3CF-4247-964A-5548E07CAC58}.Debug|x64.Build.0 = Debug|x64
		{B62DF98D-D3CF-4247-964A-5548E07CAC58}.Debug|x86.ActiveCfg = Debug|Win32
		{B62DF98D-D3CF-4247-964A-5548E07CAC58}.Debug|x86.Build.0 = Debug|Win32
		{B62DF98D-D3CF-4247-964A-5548E07CAC58}.Release|x64.ActiveCfg = Release|x64
		{B62DF98D-D3CF-4247-964A-5548E07CAC58}.Release|x64.Build.0 = Release|x64
		{B62DF98D-D3CF-4247-964A-5548E07CAC58}.Release|x86.ActiveCfg = Release|Win32
		{B62DF98D-D3CF-4247-964A-5548E07CAC58}.Release|x86.Build.0 = Release|Win32
		{274A4D49-3BDF-4A21-BCC3-4388413FDDFD}.Debug|x64.ActiveCfg = Debug|x64
		{274A4D49-3BDF-4A21-BCC3-4388413FDDFD}.Debug|x64.Build.0 = Debug|x64
		{274A4D49-3BDF-4A21-BCC3-4388413FDDFD}.Debug|x86.ActiveCfg = Debug|Win32
		{274A4D49-3BDF-4A21-BCC3-4388413FDDFD}.Debug|x86.Build.0 = Debug|Win32
		{274A4D49-3BDF-4A21-BCC3-4388413FDDFD}.Release|x64.ActiveCfg = Release|x64
		{274A4D49-3BDF-4A21-BCC3-4388413FDDFD}.Release|x64.Build.0 = Release|x64
		{274A4D49-3BDF-4A21-BCC3-4388413FDDFD}.Release|x86.ActiveCfg = Release|Win32
		{274A4D49-3BDF-4A21-BCC3-4388413FDDFD}.Release|x86.Build.0 = Release|Win32
		{F52681CC-C1A3-41B5-8189-217A6781CF77}.Debug|x64.ActiveCfg = Debug|x64
		{F52681CC-C1A3-41B5-8189-217A6781CF77}.Debug|x64.Build.0 = Debug|x64
		{F52681CC-C1A3-41B5-8189-217A6781CF77}.Debug|x86.ActiveCfg = Debug|Win32
		{F52681CC-C1A3-41B5-8189-217A6781CF77}.Debug|x86.Build.0 = Debug|Win32
		{F52681CC-C1A3-41B5-8189-217A6781CF77}.Release|x64.ActiveCfg = Release|x64
		{F52681CC-C1A3-41B5-8189-217A6781CF77}.Release|x64.Build.0 = Release|x64
		{F52681CC-C1A3-41B5-8189-217A6781CF77}.Release|x86.ActiveCfg = Release|Win32
		{F52681CC-C1A3-41B5-8189-217A6781CF77}.Release|x86.Build.0 = Release|Win32
		{AF923986-2CCF-42ED-A833-634ECCE50351}.Debug|x64.ActiveCfg = Debug|x64
		{AF923986-2CCF-42ED-A833-634ECCE50351}.Debug|x64.Build.0 = Debug|x64
		{AF923986-2CCF-42ED-A833-634ECCE50351}.Debug|x86.ActiveCfg = Debug|Win32
		{AF923986-2CCF-42ED-A833-634ECCE50351}.Debug|x86.Build.0 = Debug|Win32
		{AF923986-2CCF-42ED-A833-634ECCE50351}.Release|x64.ActiveCfg = Release|x64
		{AF923986-2CCF-42ED-A833-634ECCE50351}.Release|x64.Build.0 = Release|x64
		{AF923986-2CCF-42ED-A833-634ECCE50351}.Release|x86.ActiveCfg = Release|Win32
		{AF923986-2CCF-42ED-A833-634ECCE50351}.Release|x86.Build.0 = Release|Win32
		{99452A57-2F24-42EA-9F4A-5245BE235092}.Debug|x64.ActiveCfg = Debug|x64
		{99452A57-2F24-42EA-9F4A-5245BE235092}.Debug|x64.Build.0 = Debug|x64
		{99452A57-2F24-42EA-9F4A-5245BE235092}.Debug|x86.ActiveCfg = Debug|Win32
		{99452A57-2F24-42EA-9F4A-5245BE235092}.Debug|x86.Build.0 = Debug|Win32
		{99452A57-2F24-42EA-9F4A-5245BE235092}.Release|x64.ActiveCfg = Release|x64
		{99452A57-2F24-42EA-9F4A-5245BE235092}.Release|x64.Build.0 = Release|x64
		{99452A57-2F24-42EA-9F4A-5245BE235092}.Release|x86.ActiveCfg = Release|Win32
		{99452A57-2F24-42EA-9F4A-5245BE235092}.Release|x86.Build.0 = Release|Win32
		{EEE64E8C-F80C-4067-A26C-BC3CD30B03AD}.Debug|x64.ActiveCfg = Debug|x64
		{EEE64E8C-F80C-4067-A26C-BC3CD30B03AD}.Debug|x64.Build.0 = Debug|x64
		{EEE64E8C-F80C-4067-A26C-BC3CD30B03AD}.Debug|x86.ActiveCfg = Debug|Win32
		{EEE64E8C-F80C-4067-A26C-BC3CD30B03AD}.Debug|x86.Build.0 = Debug|Win32
		{EEE64E8C-F80C-4067-A26C-BC3CD30B03AD}.Release|x64.ActiveCfg = Release|x64
		{EEE64E8C-F80C-4067-A26C-BC3CD30B03AD}.Release|x64.Build.0 = Release|x64
		{EEE64E8C-F80C-4067-A26C-BC3CD30B03AD}.Release|x86.ActiveCfg = Release|Win32
		{EEE64E8C-F80C-4067-A26C-BC3CD30B03AD}.Release|x86.Build.0 = Release|Win32
		{577DA6F1-6244-434D-856B-3520B8B2843B}.Debug|x64.ActiveCfg = Debug|x64
		{577DA6F1-6244-434D-856B-3520B8B2843B}.Debug|x64.Build.0 = Debug|x64
		{577DA6F1-6244-434D-856B-3520B8B2843B}.Debug|x86.ActiveCfg = Debug|Win32
		{577DA6F1-6244-434D-856B-3520B8B2843B}.Debug|x86.Build.0 = Debug|Win32
		{577DA6F1-6244-434D-856B-3520B8B2843B}.Release|x64.ActiveCfg = Release|x64
		{577DA6F1-6244-434D-856B-3520B8B2843B}.Release|x64.Build.0 = Release|x64
		{577DA6F1-6244-434D-856B-3520B8B2843B}.Release|x86.ActiveCfg = Release|Win32
		{577DA6F1-6244-434D-856B-3520B8B2843B}.Release|x86.Build.0 = Release|Win32
		{0B55ED91-9BAA-4AC1-9F31-52D52ACF0656}.Debug|x64.ActiveCfg = Debug|x64
		{0B55ED91-9BAA-4AC1-9F31-52D52ACF0656}.Debug|x64.Build.0 = Debug|x64
		{0B55ED91-9BAA-4AC1-9F31-52D52ACF0656}.Debug|x86.ActiveCfg = Debug|Win32
		{0B55ED91-9BAA-4AC1-9F31-52D52ACF0656}.Debug|x86.Build.0 = Debug|Win32
		{0B55ED91-9BAA-4AC1-9F31-52D52ACF0656}.Release|x64.ActiveCfg = Release|x64
		{0B55ED91-9BAA-4AC1-9F31-52D52ACF0656}.Release|x64.Build.0 = Release|x64
		{0B55ED91-9BAA-4AC1-9F31-52D52ACF0656}.Release|x86.ActiveCfg = Release|Win32
		{0B55ED91-9BAA-4AC1-9F31-52D52ACF0656}.Release|x86.Build.0 = Release|Win32
		{EE90AE5A-CA62-486D-9F68-F2B4CC394E3F}.Debug|x64.ActiveCfg = Debug|x64
		{EE90AE5A-CA62-486D-9F68-F2B4CC394E3F}.Debug|x64.Build.0 = Debug|x64
		{EE90AE5A-CA62-486D-9F68-F2B4CC394E3F}.Debug|x86.ActiveCfg = Debug|Win32
		{EE90AE5A-CA62-486D-9F68-F2B4CC394E3F}.Debug|x86.Build.0 = Debug|Win32
		{EE90AE5A-CA62-486D-9F68-F2B4CC394E3F}.Release|x64.ActiveCfg = Release|x64
		{EE90AE5A-CA62-486D-9F68-F2B4CC394E3F}.Release|x64.Build.0 = Release|x64
		{EE90AE5A-CA62-486D-9F68-F2B4CC394E3F}.Release|x86.ActiveCfg = Release|Win32
		{EE90AE5A-CA62-486D-9F68-F2B4CC394E3F}.Release|x86.Build.0 = Release|Win32
		{1E596583-5656-48B2-830B-1F80E1219CEC}.Debug|x64.ActiveCfg = Debug|x64
		{1E596583-5656-48B2-830B-1F80E1219CEC}.Debug|x64.Build.0 = Debug|x64
		{1E596583-5656-48B2-830B-1F80E1219CEC}.Debug|x86.ActiveCfg = Debug|Win32
		{1E596583-5656-48B2-830B-1F80E1219CEC}.Debug|x86.Build.0 = Debug|Win32
		{1E596583-5656-48B2-830B-1F80E1219CEC}.Release|x64.ActiveCfg = Release|x64
		{1E596583-5656-48B2-830B-1F80E1219CEC}.Release|x64.Build.0 = Release|x64
		{1E596583-5656-48B2-830B-1F80E1219CEC}.Release|x86.ActiveCfg = Release|Win32
		{1E596583-5656-48B2-830B-1F80E1219CEC}.Release|x86.Build.0 = Release|Win32
		{722E476A-2AE8-473C-9040-1AD998A9AA57}.Debug|x64.ActiveCfg = Debug|x64
		{722E476A-2AE8-473C-9040-1AD998A9AA57}.Debug|x64.Build.0 = Debug|x64
		{722E476A-2AE8-473C-9040-1AD998A9AA57}.Debug|x86.ActiveCfg = Debug|Win32
		{722E476A-2AE8-473C-9040-1AD998A9AA57}.Debug|x86.Build.0 = Debug|Win32
		{722E476A-2AE8-473C-9040-1AD998A9AA57}.Release|x64.ActiveCfg = Release|x64
		{722E476A-2AE8-473C-9040-1AD998A9AA57}.Release|x64.Build.0 = Release|x64
		{722E476A-2AE8-473C-9040-1AD998A9AA57}.Release|x86.ActiveCfg = Release|Win32
		{722E476A-2AE8-473C-9040-1AD998A9AA57}.Release|x86.Build.0 = Release|Win32
		{49122DA3-3DE3-4A47-8872-1D4C2D5A493C}.Debug|x64.ActiveCfg = Debug|x64
		{49122DA3-3DE3-4A47-8872-1D4C2D5A493C}.Debug|x64.Build.0 = Debug|x64
		{49122DA3-3DE3-4A47-8872-1D4C2D5A493C}.Debug|x86.ActiveCfg = Debug|Win32
		{49122DA3-3DE3-4A47-8872-1D4C2D5A493C}.Debug|x86.Build.0 = Debug|Win32
		{49122DA3-3DE3-4A47-8872-1D4C2D5A493C}.Release|x64.ActiveCfg = Release|x64
		{49122DA3-3DE3-4A47-8872-1D4C2D5A493C}.Release|x64.Build.0 = Release|x64
		{49122DA3-3DE3-4A47-8872-1D4C2D5A493C}.Release|x86.ActiveCfg = Release|Win32
		{49122DA3-3DE3-4A47-8872-1D4C2D5A493C}.Release|x86.Build.0 = Release|Win32
		{9C347D55-9CA6-4978-96A5-3FAD8470D40A}.Debug|x64.ActiveCfg = Debug|x64
		{9C347D55-9CA6-4978-96A5-3FAD8470D40A}.Debug|x64.Build.0 = Debug|x64
		{9C347D55-9CA6-4978-96A5-3FAD8470D40A}.Debug|x86.ActiveCfg = Debug|Win32
		{9C347D55-9CA6-4978-96A5-3FAD8470D40A}.Debug|x86.Build.0 = Debug|Win32
		{9C347D55-9CA6-4978-96A5-3FAD8470D40A}.Release|x64.ActiveCfg = Release|x64
		{9C347D55-9CA6-4978-96A5-3FAD8470D40A}.Release|x64.Build.0 = Release|x64
		{9C347D55-9CA6-4978-96A5-3FAD8470D40A}.Release|x86.ActiveCfg = Release|Win32
		{9C347D55-9CA6-4978-96A5-3FAD8470D40A}.Release|x86.Build.0 = Release|Win32
		{F809192E-B14B-4020-9F27-1B1B7852C046}.Debug|x64.ActiveCfg = Debug|x64
		{F809192E-B14B-4020-9F27-1B1B7852C046}.Debug|x64.Build.0 = Debug|x64
		{F809192E-B14B-4020-9F27-1B1B7852C046}.Debug|x86.ActiveCfg = Debug|Win32
		{F809192E-B14B-4020-9F27-1B1B7852C046}.Debug|x86.Build.0 = Debug|Win32
		{F809192E-B14B-4020-9F27-1B1B7852C046}.Release|x64.ActiveCfg = Release|x64
		{F809192E-B14B-4020-9F27-1B1B7852C046}.Release|x64.Build.0 = Release|x64
		{F809192E-B14B-4020-9F27-1B1B7852C046}.Release|x86.ActiveCfg = Release|Win32
		{F809192E-B14B-4020-9F27-1B1B7852C046}.Release|x86.Build.0 = Release|Win32
		{CA99693C-0898-4AC6-B2BD-AAB7E4355C17}.Debug|x64.ActiveCfg = Debug|x64
		{CA99693C-0898-4AC6-B2BD-AAB7E4355C17}.Debug|x64.Build.0 = Debug|x64
		{CA99693C-0898-4AC6-B2BD-AAB7E4355C17}.Debug|x86.ActiveCfg = Debug|Win32
		{CA99693C-0898-4AC6-B2BD-AAB7E4355C17}.Debug|x86.Build.0 = Debug|Win32
		{CA99693C-0898-4AC6-B2BD-AAB7E4355C17}.Release|x64.ActiveCfg = Release|x64
		{CA99693C-0898-4AC6-B2BD-AAB7E4355C17}.Release|x64.Build.0 = Release|x64
		{CA99693C-0898-4AC6-B2BD-AAB7E4355C17}.Release|x86.ActiveCfg = Release|Win32
		{CA99693C-0898-4AC6-B2BD-AAB7E4355C17}.Release|x86.Build.0 = Release|Win32
		{BED3ADE3-F6F7-4824-9A35-DC0FE6CB4FB9}.Debug|x64.ActiveCfg = Debug|x64
		{BED3ADE3-F6F7-4824-9A35-DC0FE6CB4FB9}.Debug|x64.Build.0 = Debug|x64
		{BED3ADE3-F6F7-4824-9A35-DC0FE6CB4FB9}.Debug|x86.ActiveCfg = Debug|Win32
		{BED3ADE3-F6F7-4824-9A35-DC0FE6CB4FB9}.Debug|x86.Build.0 = Debug|Win32
		{BED3ADE3-F6F7-4824-9A35-DC0FE6CB4FB9}.Release|x64.ActiveCfg = Release|x64
		{BED3ADE3-F6F7-4824-9A35-DC0FE6CB4FB9}.Release|x64.Build.0 = Release|x64
		{BED3ADE3-F6F7-4824-9A35-DC0FE6CB4FB9}.Release|x86.ActiveCfg = Release|Win32
		{BED3ADE3-F6F7-4824-9A35-DC0FE6CB4FB9}.Release|x86.Build.0 = Release|Win32
		{5B620B91-8C48-41C2-8DE3-0FDFF98B4912}.Debug|x64.ActiveCfg = Debug|x64
		{5B620B91-8C48-41C2-8DE3-0FDFF98B4912}.Debug|x64.Build.0 = Debug|x64
		{5B620B91-8C48-41C2-8DE3-0FDFF98B4912}.Debug|x86.ActiveCfg = Debug|Win32
		{5B620B91-8C48-41C2-8DE3-0FDFF98B4912}.Debug|x86.Build.0 = Debug|Win32
		{5B620B91-8C48-41C2-8DE3-0FDFF98B4912}.Release|x64.ActiveCfg = Release|x64
		{5B620B91-8C48-41C2-8DE3-0FDFF98B4912}.Release|x64.Build.0 = Release|x64
		{5B620B91-8C48-41C2-8DE3-0FDFF98B4912}.Release|x86.ActiveCfg = Release|Win32
		{5B620B91-8C48-41C2-8DE3-0FDFF98B4912}.Release|x86.Build.0 = Release|Win32
		{61998338-FD3C-42AB-AC83-54A7869CEA5B}.Debug|x64.ActiveCfg = Debug|x64
		{61998338-FD3C-42AB-AC83-54A7869CEA5B}.Debug|x64.Build.0 = Debug|x64
		{61998338-FD3C-42AB-AC83-54A7869CEA5B}.Debug|x86.ActiveCfg = Debug|Win32
		{61998338-FD3C-42AB-AC83-54A7869CEA5B}.Debug|x86.Build.0 = Debug|Win32
		{61998338-FD3C-42AB-AC83-54A7869CEA5B}.Release|x64.ActiveCfg = Release|x64
		{61998338-FD3C-42AB-AC83-54A7869CEA5B}.Release|x64.Build.0 = Release|x64
		{61998338-FD3C-42AB-AC83-54A7869CEA5B}.Release|x86.ActiveCfg = Release|Win32
		{61998338-FD3C-42AB-AC83-54A7869CEA5B}.Release|x86.Build.0 = Release|Win32
		{4601F157-6559-4ECB-BD20-E9D4AB47820B}.Debug|x64.ActiveCfg = Debug|x64
		{4601F157-6559-4ECB-BD20-E9D4AB47820B}.Debug|x64.Build.0 = Debug|x64
		{4601F157-6559-4ECB-BD20-E9D4AB47820B}.Debug|x86.ActiveCfg = Debug|Win32
		{4601F157-6559-4ECB-BD20-E9D4AB47820B}.Debug|x86.Build.0 = Debug|Win32
		{4601F157-6559-4ECB-BD20-E9D4AB47820B}.Release|x64.ActiveCfg = Release|x64
		{4601F157-6559-4ECB-BD20-E9D4AB47820B}.Release|x64.Build.0 = Release|x64
		{4601F157-6559-4ECB-BD20-E9D4AB47820B}.Release|x86.ActiveCfg = Release|Win32
		{4601F157-6559-4ECB-BD20-E9D4AB47820B}.Release|x86.Build.0 = Release|Win32
		{B8846AAF-4780-429D-96F5-B938869581E2}.Debug|x64.ActiveCfg = Debug|x64
		{B8846AAF-4780-429D-96F5-B938869581E2}.Debug|x64.Build.0 = Debug|x64
		{B8846AAF-4780-429D-96F5-B938869581E2}.Debug|x86.ActiveCfg = Debug|Win32
		{B8846AAF-4780-429D-96F5-B938869581E2}.Debug|x86.Build.0 = Debug|Win32
		{B8846AAF-4780-429D-96F5-B938869581E2}.Release|x64.ActiveCfg = Release|x64
		{B8846AAF-4780-429D-96F5-B938869581E2}.Release|x64.Build.0 = Release|x64
		{B8846AAF-4780-429D-96F5-B938869581E2}.Release|x86.ActiveCfg = Release|Win32
		{B8846AAF-4780-429D-96F5-B938869581E2}.Release|x86.Build.0 = Release|Win32
	EndGlobalSection
	GlobalSection(SolutionProperties) = preSolution
		HideSolutionNode = FALSE
	EndGlobalSection
EndGlobal
