
Microsoft Visual Studio Solution File, Format Version 12.00
# Visual Studio Version 17
VisualStudioVersion = 17.12.35506.116
MinimumVisualStudioVersion = 10.0.40219.1
Project("{8BC9CEB8-8B4A-11D0-8D11-00A0C91BC942}") = "Day1", "Day1\Day1.vcxproj", "{2E4D1B74-3095-4500-8626-AD0C07D32F7E}"
EndProject
Project("{8BC9CEB8-8B4A-11D0-8D11-00A0C91BC942}") = "Day2", "Day2\Day2.vcxproj", "{E2272FA4-0944-4CE2-B555-02D608AE7E76}"
EndProject
Project("{8BC9CEB8-8B4A-11D0-8D11-00A0C91BC942}") = "Day3", "Day3\Day3.vcxproj", "{00331B35-93FD-4441-93FE-AA467A95595E}"
EndProject
Project("{8BC9CEB8-8B4A-11D0-8D11-00A0C91BC942}") = "Day4", "Day4\Day4.vcxproj", "{EC41D9BE-0B55-4F51-9706-7E9078B18FDD}"
EndProject
Project("{8BC9CEB8-8B4A-11D0-8D11-00A0C91BC942}") = "Day5", "Day5\Day5.vcxproj", "{ED1E81BD-8947-4E5F-8285-98A2C0E46D8E}"
EndProject
Project("{8BC9CEB8-8B4A-11D0-8D11-00A0C91BC942}") = "Day6", "Day6\Day6.vcxproj", "{E4841E2E-CDBB-41E6-A689-C419DE174128}"
EndProject
Project("{8BC9CEB8-8B4A-11D0-8D11-00A0C91BC942}") = "Day7", "Day7\Day7.vcxproj", "{5626804D-9E72-4ABC-B72D-BF3433F405BE}"
EndProject
Project("{8BC9CEB8-8B4A-11D0-8D11-00A0C91BC942}") = "Day8", "Day8\Day8.vcxproj", "{0ABCE06E-0288-4C9C-BFAD-CF226DFFE2DC}"
EndProject
Project("{8BC9CEB8-8B4A-11D0-8D11-00A0C91BC942}") = "Day9", "Day9\Day9.vcxproj", "{7CF8ADFF-0449-4FA4-AAD0-7CED5598AE49}"
EndProject
Project("{8BC9CEB8-8B4A-11D0-8D11-00A0C91BC942}") = "Day10", "Day10\Day10.vcxproj", "{61AE9D31-62C2-476E-8F07-EDCC6B2B393C}"
EndProject
Project("{8BC9CEB8-8B4A-11D0-8D11-00A0C91BC942}") = "Day11", "Day11\Day11.vcxproj", "{AFBD8662-7B5A-4115-B9E3-1EA19C718D93}"
EndProject
Project("{8BC9CEB8-8B4A-11D0-8D11-00A0C91BC942}") = "Day12", "Day12\Day12.vcxproj", "{B62DF98D-D3CF-4247-964A-5548E07CAC58}"
EndProject
Project("{8BC9CEB8-8B4A-11D0-8D11-00A0C91BC942}") = "Day13", "Day13\Day13.vcxproj", "{274A4D49-3BDF-4A21-BCC3-4388413FDDFD}"
EndProject
Project("{8BC9CEB8-8B4A-11D0-8D11-00A0C91BC942}") = "Day14", "Day14\Day14.vcxproj", "{F52681CC-C1A3-41B5-8189-217A6781CF77}"
EndProject
Project("{8BC9CEB8-8B4A-11D0-8D11-00A0C91BC942}") = "Day15", "Day15\Day15.vcxproj", "{AF923986-2CCF-42ED-A833-634ECCE50351}"
EndProject
Global
	GlobalSection(SolutionConfigurationPlatforms) = preSolution
		Debug|x64 = Debug|x64
		Debug|x86 = Debug|x86
		Release|x64 = Release|x64
		Release|x86 = Release|x86
	EndGlobalSection
	GlobalSection(ProjectConfigurationPlatforms) = postSolution
		{2E4D1B74-3095-4500-8626-AD0C07D32F7E}.Debug|x64.ActiveCfg = Debug|x64
		{2E4D1B74-3095-4500-8626-AD0C07D32F7E}.Debug|x64.Build.0 = Debug|x64
		{2E4D1B74-3095-4500-8626-AD0C07D32F7E}.Debug|x86.ActiveCfg = Debug|Win32
		{2E4D1B74-3095-4500-8626-AD0C07D32F7E}.Debug|x86.Build.0 = Debug|Win32
		{2E4D1B74-3095-4500-8626-AD0C07D32F7E}.Release|x64.ActiveCfg = Release|x64
		{2E4D1B74-3095-4500-8626-AD0C07D32F7E}.Release|x64.Build.0 = Release|x64
		{2E4D1B74-3095-4500-8626-AD0C07D32F7E}.Release|x86.ActiveCfg = Release|Win32
		{2E4D1B74-3095-4500-8626-AD0C07D32F7E}.Release|x86.Build.0 = Release|Win32
		{E2272FA4-0944-4CE2-B555-02D608AE7E76}.Debug|x64.ActiveCfg = Debug|x64
		{E2272FA4-0944-4CE2-B555-02D608AE7E76}.Debug|x64.Build.0 = Debug|x64
		{E2272FA4-0944-4CE2-B555-02D608AE7E76}.Debug|x86.ActiveCfg = Debug|Win32
		{E2272FA4-0944-4CE2-B555-02D608AE7E76}.Debug|x86.Build.0 = Debug|Win32
		{E2272FA4-0944-4CE2-B555-02D608AE7E76}.Release|x64.ActiveCfg = Release|x64
		{E2272FA4-0944-4CE2-B555-02D608AE7E76}.Release|x64.Build.0 = Release|x64
		{E2272FA4-0944-4CE2-B555-02D608AE7E76}.Release|x86.ActiveCfg = Release|Win32
		{E2272FA4-0944-4CE2-B555-02D608AE7E76}.Release|x86.Build.0 = Release|Win32
		{00331B35-93FD-4441-93FE-AA467A95595E}.Debug|x64.ActiveCfg = Debug|x64
		{00331B35-93FD-4441-93FE-AA467A95595E}.Debug|x64.Build.0 = Debug|x64
		{00331B35-93FD-4441-93FE-AA467A95595E}.Debug|x86.ActiveCfg = Debug|Win32
		{00331B35-93FD-4441-93FE-AA467A95595E}.Debug|x86.Build.0 = Debug|Win32
		{00331B35-93FD-4441-93FE-AA467A95595E}.Release|x64.ActiveCfg = Release|x64
		{00331B35-93FD-4441-93FE-AA467A95595E}.Release|x64.Build.0 = Release|x64
		{00331B35-93FD-4441-93FE-AA467A95595E}.Release|x86.ActiveCfg = Release|Win32
		{00331B35-93FD-4441-93FE-AA467A95595E}.Release|x86.Build.0 = Release|Win32
		{EC41D9BE-0B55-4F51-9706-7E9078B18FDD}.Debug|x64.ActiveCfg = Debug|x64
		{EC41D9BE-0B55-4F51-9706-7E9078B18FDD}.Debug|x64.Build.0 = Debug|x64
		{EC41D9BE-0B55-4F51-9706-7E9078B18FDD}.Debug|x86.ActiveCfg = Debug|Win32
		{EC41D9BE-0B55-4F51-9706-7E9078B18FDD}.Debug|x86.Build.0 = Debug|Win32
		{EC41D9BE-0B55-4F51-9706-7E9078B18FDD}.Release|x64.ActiveCfg = Release|x64
		{EC41D9BE-0B55-4F51-9706-7E9078B18FDD}.Release|x64.Build.0 = Release|x64
		{EC41D9BE-0B55-4F51-9706-7E9078B18FDD}.Release|x86.ActiveCfg = Release|Win32
		{EC41D9BE-0B55-4F51-9706-7E9078B18FDD}.Release|x86.Build.0 = Release|Win32
		{ED1E81BD-8947-4E5F-8285-98A2C0E46D8E}.Debug|x64.ActiveCfg = Debug|x64
		{ED1E81BD-8947-4E5F-8285-98A2C0E46D8E}.Debug|x64.Build.0 = Debug|x64
		{ED1E81BD-8947-4E5F-8285-98A2C0E46D8E}.Debug|x86.ActiveCfg = Debug|Win32
		{ED1E81BD-8947-4E5F-8285-98A2C0E46D8E}.Debug|x86.Build.0 = Debug|Win32
		{ED1E81BD-8947-4E5F-8285-98A2C0E46D8E}.Release|x64.ActiveCfg = Release|x64
		{ED1E81BD-8947-4E5F-8285-98A2C0E46D8E}.Release|x64.Build.0 = Release|x64
		{ED1E81BD-8947-4E5F-8285-98A2C0E46D8E}.Release|x86.ActiveCfg = Release|Win32
		{ED1E81BD-8947-4E5F-8285-98A2C0E46D8E}.Release|x86.Build.0 = Release|Win32
		{E4841E2E-CDBB-41E6-A689-C419DE174128}.Debug|x64.ActiveCfg = Debug|x64
		{E4841E2E-CDBB-41E6-A689-C419DE174128}.Debug|x64.Build.0 = Debug|x64
		{E4841E2E-CDBB-41E6-A689-C419DE174128}.Debug|x86.ActiveCfg = Debug|Win32
		{E4841E2E-CDBB-41E6-A689-C419DE174128}.Debug|x86.Build.0 = Debug|Win32
		{E4841E2E-CDBB-41E6-A689-C419DE174128}.Release|x64.ActiveCfg = Release|x64
		{E4841E2E-CDBB-41E6-A689-C419DE174128}.Release|x64.Build.0 = Release|x64
		{E4841E2E-CDBB-41E6-A689-C419DE174128}.Release|x86.ActiveCfg = Release|Win32
		{E4841E2E-CDBB-41E6-A689-C419DE174128}.Release|x86.Build.0 = Release|Win32
		{5626804D-9E72-4ABC-B72D-BF3433F405BE}.Debug|x64.ActiveCfg = Debug|x64
		{5626804D-9E72-4ABC-B72D-BF3433F405BE}.Debug|x64.Build.0 = Debug|x64
		{5626804D-9E72-4ABC-B72D-BF3433F405BE}.Debug|x86.ActiveCfg = Debug|Win32
		{5626804D-9E72-4ABC-B72D-BF3433F405BE}.Debug|x86.Build.0 = Debug|Win32
		{5626804D-9E72-4ABC-B72D-BF3433F405BE}.Release|x64.ActiveCfg = Release|x64
		{5626804D-9E72-4ABC-B72D-BF3433F405BE}.Release|x64.Build.0 = Release|x64
		{5626804D-9E72-4ABC-B72D-BF3433F405BE}.Release|x86.ActiveCfg = Release|Win32
		{5626804D-9E72-4ABC-B72D-BF3433F405BE}.Release|x86.Build.0 = Release|Win32
		{0ABCE06E-0288-4C9C-BFAD-CF226DFFE2DC}.Debug|x64.ActiveCfg = Debug|x64
		{0ABCE06E-0288-4C9C-BFAD-CF226DFFE2DC}.Debug|x64.Build.0 = Debug|x64
		{0ABCE06E-0288-4C9C-BFAD-CF226DFFE2DC}.Debug|x86.ActiveCfg = Debug|Win32
		{0ABCE06E-0288-4C9C-BFAD-CF226DFFE2DC}.Debug|x86.Build.0 = Debug|Win32
		{0ABCE06E-0288-4C9C-BFAD-CF226DFFE2DC}.Release|x64.ActiveCfg = Release|x64
		{0ABCE06E-0288-4C9C-BFAD-CF226DFFE2DC}.Release|x64.Build.0 = Release|x64
		{0ABCE06E-0288-4C9C-BFAD-CF226DFFE2DC}.Release|x86.ActiveCfg = Release|Win32
		{0ABCE06E-0288-4C9C-BFAD-CF226DFFE2DC}.Release|x86.Build.0 = Release|Win32
		{7CF8ADFF-0449-4FA4-AAD0-7CED5598AE49}.Debug|x64.ActiveCfg = Debug|x64
		{7CF8ADFF-0449-4FA4-AAD0-7CED5598AE49}.Debug|x64.Build.0 = Debug|x64
		{7CF8ADFF-0449-4FA4-AAD0-7CED5598AE49}.Debug|x86.ActiveCfg = Debug|Win32
		{7CF8ADFF-0449-4FA4-AAD0-7CED5598AE49}.Debug|x86.Build.0 = Debug|Win32
		{7CF8ADFF-0449-4FA4-AAD0-7CED5598AE49}.Release|x64.ActiveCfg = Release|x64
		{7CF8ADFF-0449-4FA4-AAD0-7CED5598AE49}.Release|x64.Build.0 = Release|x64
		{7CF8ADFF-0449-4FA4-AAD0-7CED5598AE49}.Release|x86.ActiveCfg = Release|Win32
		{7CF8ADFF-0449-4FA4-AAD0-7CED5598AE49}.Release|x86.Build.0 = Release|Win32
		{61AE9D31-62C2-476E-8F07-EDCC6B2B393C}.Debug|x64.ActiveCfg = Debug|x64
		{61AE9D31-62C2-476E-8F07-EDCC6B2B393C}.Debug|x64.Build.0 = Debug|x64
		{61AE9D31-62C2-476E-8F07-EDCC6B2B393C}.Debug|x86.ActiveCfg = Debug|Win32
		{61AE9D31-62C2-476E-8F07-EDCC6B2B393C}.Debug|x86.Build.0 = Debug|Win32
		{61AE9D31-62C2-476E-8F07-EDCC6B2B393C}.Release|x64.ActiveCfg = Release|x64
		{61AE9D31-62C2-476E-8F07-EDCC6B2B393C}.Release|x64.Build.0 = Release|x64
		{61AE9D31-62C2-476E-8F07-EDCC6B2B393C}.Release|x86.ActiveCfg = Release|Win32
		{61AE9D31-62C2-476E-8F07-EDCC6B2B393C}.Release|x86.Build.0 = Release|Win32
		{AFBD8662-7B5A-4115-B9E3-1EA19C718D93}.Debug|x64.ActiveCfg = Debug|x64
		{AFBD8662-7B5A-4115-B9E3-1EA19C718D93}.Debug|x64.Build.0 = Debug|x64
		{AFBD8662-7B5A-4115-B9E3-1EA19C718D93}.Debug|x86.ActiveCfg = Debug|Win32
		{AFBD8662-7B5A-4115-B9E3-1EA19C718D93}.Debug|x86.Build.0 = Debug|Win32
		{AFBD8662-7B5A-4115-B9E3-1EA19C718D93}.Release|x64.ActiveCfg = Release|x64
		{AFBD8662-7B5A-4115-B9E3-1EA19C718D93}.Release|x64.Build.0 = Release|x64
		{AFBD8662-7B5A-4115-B9E3-1EA19C718D93}.Release|x86.ActiveCfg = Release|Win32
		{AFBD8662-7B5A-4115-B9E3-1EA19C718D93}.Release|x86.Build.0 = Release|Win32
		{B62DF98D-D3CF-4247-964A-5548E07CAC58}.Debug|x64.ActiveCfg = Debug|x64
		{B62DF98D-D3CF-4247-964A-5548E07CAC58}.Debug|x64.Build.0 = Debug|x64
		{B62DF98D-D3CF-4247-964A-5548E07CAC58}.Debug|x86.ActiveCfg = Debug|Win32
		{B62DF98D-D3CF-4247-964A-5548E07CAC58}.Debug|x86.Build.0 = Debug|Win32
		{B62DF98D-D3CF-4247-964A-5548E07CAC58}.Release|x64.ActiveCfg = Release|x64
		{B62DF98D-D3CF-4247-964A-5548E07CAC58}.Release|x64.Build.0 = Release|x64
		{B62DF98D-D3CF-4247-964A-5548E07CAC58}.Release|x86.ActiveCfg = Release|Win32
		{B62DF98D-D3CF-4247-964A-5548E07CAC58}.Release|x86.Build.0 = Release|Win32
		{274A4D49-3BDF-4A21-BCC3-4388413FDDFD}.Debug|x64.ActiveCfg = Debug|x64
		{274A4D49-3BDF-4A21-BCC3-4388413FDDFD}.Debug|x64.Build.0 = Debug|x64
		{274A4D49-3BDF-4A21-BCC3-4388413FDDFD}.Debug|x86.ActiveCfg = Debug|Win32
		{274A4D49-3BDF-4A21-BCC3-4388413FDDFD}.Debug|x86.Build.0 = Debug|Win32
		{274A4D49-3BDF-4A21-BCC3-4388413FDDFD}.Release|x64.ActiveCfg = Release|x64
		{274A4D49-3BDF-4A21-BCC3-4388413FDDFD}.Release|x64.Build.0 = Release|x64
		{274A4D49-3BDF-4A21-BCC3-4388413FDDFD}.Release|x86.ActiveCfg = Release|Win32
		{274A4D49-3BDF-4A21-BCC3-4388413FDDFD}.Release|x86.Build.0 = Release|Win32
		{F52681CC-C1A3-41B5-8189-217A6781CF77}.Debug|x64.ActiveCfg = Debug|x64
		{F52681CC-C1A3-41B5-8189-217A6781CF77}.Debug|x64.Build.0 = Debug|x64
		{F52681CC-C1A3-41B5-8189-217A6781CF77}.Debug|x86.ActiveCfg = Debug|Win32
		{F52681CC-C1A3-41B5-8189-217A6781CF77}.Debug|x86.Build.0 = Debug|Win32
		{F52681CC-C1A3-41B5-8189-217A6781CF77}.Release|x64.ActiveCfg = Release|x64
		{F52681CC-C1A3-41B5-8189-217A6781CF77}.Release|x64.Build.0 = Release|x64
		{F52681CC-C1A3-41B5-8189-217A6781CF77}.Release|x86.ActiveCfg = Release|Win32
		{F52681CC-C1A3-41B5-8189-217A6781CF77}.Release|x86.Build.0 = Release|Win32
		{AF923986-2CCF-42ED-A833-634ECCE50351}.Debug|x64.ActiveCfg = Debug|x64
		{AF923986-2CCF-42ED-A833-634ECCE50351}.Debug|x64.Build.0 = Debug|x64
		{AF923986-2CCF-42ED-A833-634ECCE50351}.Debug|x86.ActiveCfg = Debug|Win32
		{AF923986-2CCF-42ED-A833-634ECCE50351}.Debug|x86.Build.0 = Debug|Win32
		{AF923986-2CCF-42ED-A833-634ECCE50351}.Release|x64.ActiveCfg = Release|x64
		{AF923986-2CCF-42ED-A833-634ECCE50351}.Release|x64.Build.0 = Release|x64
		{AF923986-2CCF-42ED-A833-634ECCE50351}.Release|x86.ActiveCfg = Release|Win32
		{AF923986-2CCF-42ED-A833-634ECCE50351}.Release|x86.Build.0 = Release|Win32
	EndGlobalSection
	GlobalSection(SolutionProperties) = preSolution
		HideSolutionNode = FALSE
	EndGlobalSection
EndGlobal
